
Microsoft Visual Studio Solution File, Format Version 12.00
# Visual Studio Version 16
VisualStudioVersion = 16.0.29519.87
MinimumVisualStudioVersion = 10.0.40219.1
Project("{9A19103F-16F7-4668-BE54-9A1E7A4F7556}") = "sInvent.UI", "sInvent.UI\sInvent.UI.csproj", "{A2E9A104-C8C9-41B3-94B2-177B711747D3}"
EndProject
Project("{9A19103F-16F7-4668-BE54-9A1E7A4F7556}") = "sInvent.Domain", "sInvent.Domain\sInvent.Domain.csproj", "{084DC25C-D5ED-4EB5-A922-208D5B6E0282}"
EndProject
Project("{9A19103F-16F7-4668-BE54-9A1E7A4F7556}") = "sInvent.Database", "sInvent.Database\sInvent.Database.csproj", "{1C12ADC9-A409-4EB9-A4B1-9AB5EB46636C}"
EndProject
Project("{9A19103F-16F7-4668-BE54-9A1E7A4F7556}") = "sInvent.Application", "sInvent.Application\sInvent.Application.csproj", "{6FBFFC7C-6753-441A-A86C-E59ED0B05503}"
EndProject
Global
	GlobalSection(SolutionConfigurationPlatforms) = preSolution
		Debug|Any CPU = Debug|Any CPU
		Release|Any CPU = Release|Any CPU
	EndGlobalSection
	GlobalSection(ProjectConfigurationPlatforms) = postSolution
		{A2E9A104-C8C9-41B3-94B2-177B711747D3}.Debug|Any CPU.ActiveCfg = Debug|Any CPU
		{A2E9A104-C8C9-41B3-94B2-177B711747D3}.Debug|Any CPU.Build.0 = Debug|Any CPU
		{A2E9A104-C8C9-41B3-94B2-177B711747D3}.Release|Any CPU.ActiveCfg = Release|Any CPU
		{A2E9A104-C8C9-41B3-94B2-177B711747D3}.Release|Any CPU.Build.0 = Release|Any CPU
		{084DC25C-D5ED-4EB5-A922-208D5B6E0282}.Debug|Any CPU.ActiveCfg = Debug|Any CPU
		{084DC25C-D5ED-4EB5-A922-208D5B6E0282}.Debug|Any CPU.Build.0 = Debug|Any CPU
		{084DC25C-D5ED-4EB5-A922-208D5B6E0282}.Release|Any CPU.ActiveCfg = Release|Any CPU
		{084DC25C-D5ED-4EB5-A922-208D5B6E0282}.Release|Any CPU.Build.0 = Release|Any CPU
		{1C12ADC9-A409-4EB9-A4B1-9AB5EB46636C}.Debug|Any CPU.ActiveCfg = Debug|Any CPU
		{1C12ADC9-A409-4EB9-A4B1-9AB5EB46636C}.Debug|Any CPU.Build.0 = Debug|Any CPU
		{1C12ADC9-A409-4EB9-A4B1-9AB5EB46636C}.Release|Any CPU.ActiveCfg = Release|Any CPU
		{1C12ADC9-A409-4EB9-A4B1-9AB5EB46636C}.Release|Any CPU.Build.0 = Release|Any CPU
		{6FBFFC7C-6753-441A-A86C-E59ED0B05503}.Debug|Any CPU.ActiveCfg = Debug|Any CPU
		{6FBFFC7C-6753-441A-A86C-E59ED0B05503}.Debug|Any CPU.Build.0 = Debug|Any CPU
		{6FBFFC7C-6753-441A-A86C-E59ED0B05503}.Release|Any CPU.ActiveCfg = Release|Any CPU
		{6FBFFC7C-6753-441A-A86C-E59ED0B05503}.Release|Any CPU.Build.0 = Release|Any CPU
	EndGlobalSection
	GlobalSection(SolutionProperties) = preSolution
		HideSolutionNode = FALSE
	EndGlobalSection
	GlobalSection(ExtensibilityGlobals) = postSolution
		SolutionGuid = {38FFEDED-49DF-48E5-A888-858C65E73DA3}
	EndGlobalSection
EndGlobal
